
Microsoft Visual Studio Solution File, Format Version 12.00
# Visual Studio Version 16
VisualStudioVersion = 16.0.30503.244
MinimumVisualStudioVersion = 10.0.40219.1
Project("{FAE04EC0-301F-11D3-BF4B-00C04F79EFBC}") = "TriunghiulLuiPascal", "TriunghiulLuiPascal.csproj", "{0C07B56B-BCED-4555-9854-3499A5835280}"
EndProject
Global
	GlobalSection(SolutionConfigurationPlatforms) = preSolution
		Debug|Any CPU = Debug|Any CPU
		Release|Any CPU = Release|Any CPU
	EndGlobalSection
	GlobalSection(ProjectConfigurationPlatforms) = postSolution
		{0C07B56B-BCED-4555-9854-3499A5835280}.Debug|Any CPU.ActiveCfg = Debug|Any CPU
		{0C07B56B-BCED-4555-9854-3499A5835280}.Debug|Any CPU.Build.0 = Debug|Any CPU
		{0C07B56B-BCED-4555-9854-3499A5835280}.Release|Any CPU.ActiveCfg = Release|Any CPU
		{0C07B56B-BCED-4555-9854-3499A5835280}.Release|Any CPU.Build.0 = Release|Any CPU
	EndGlobalSection
	GlobalSection(SolutionProperties) = preSolution
		HideSolutionNode = FALSE
	EndGlobalSection
	GlobalSection(ExtensibilityGlobals) = postSolution
		SolutionGuid = {4B687044-1EE5-4F31-B4B1-4D23C988F289}
	EndGlobalSection
EndGlobal
