
Microsoft Visual Studio Solution File, Format Version 12.00
# Visual Studio Version 16
VisualStudioVersion = 16.0.30503.244
MinimumVisualStudioVersion = 10.0.40219.1
Project("{FAE04EC0-301F-11D3-BF4B-00C04F79EFBC}") = "SelectionSort", "SelectionSort.csproj", "{9019313F-C4E8-4F4D-8730-9C34507D1C4B}"
EndProject
Global
	GlobalSection(SolutionConfigurationPlatforms) = preSolution
		Debug|Any CPU = Debug|Any CPU
		Release|Any CPU = Release|Any CPU
	EndGlobalSection
	GlobalSection(ProjectConfigurationPlatforms) = postSolution
		{9019313F-C4E8-4F4D-8730-9C34507D1C4B}.Debug|Any CPU.ActiveCfg = Debug|Any CPU
		{9019313F-C4E8-4F4D-8730-9C34507D1C4B}.Debug|Any CPU.Build.0 = Debug|Any CPU
		{9019313F-C4E8-4F4D-8730-9C34507D1C4B}.Release|Any CPU.ActiveCfg = Release|Any CPU
		{9019313F-C4E8-4F4D-8730-9C34507D1C4B}.Release|Any CPU.Build.0 = Release|Any CPU
	EndGlobalSection
	GlobalSection(SolutionProperties) = preSolution
		HideSolutionNode = FALSE
	EndGlobalSection
	GlobalSection(ExtensibilityGlobals) = postSolution
		SolutionGuid = {D39D9882-6DF3-4494-BFE5-4014E9ED4D5C}
	EndGlobalSection
EndGlobal
